
Microsoft Visual Studio Solution File, Format Version 12.00
# Visual Studio Version 16
VisualStudioVersion = 16.0.30309.148
MinimumVisualStudioVersion = 10.0.40219.1
Project("{9A19103F-16F7-4668-BE54-9A1E7A4F7556}") = "FullStack.API", "FullStack.API\FullStack.API.csproj", "{F9E94879-FABE-44F7-A865-1C65F2F86FDC}"
EndProject
Project("{9A19103F-16F7-4668-BE54-9A1E7A4F7556}") = "FullStack.Data", "FullStack.Data\FullStack.Data.csproj", "{FDC32ED4-B57A-47BF-BE3D-9E87671539F0}"
EndProject
Project("{9A19103F-16F7-4668-BE54-9A1E7A4F7556}") = "FullStack.ViewModels", "FullStack.ViewModels\FullStack.ViewModels.csproj", "{C9C1CAD7-A6E4-4B97-BADB-C4815C79E24F}"
EndProject
Project("{FAE04EC0-301F-11D3-BF4B-00C04F79EFBC}") = "CSharp.App", "CSharp.App\CSharp.App.csproj", "{A6DAA579-A2AC-4660-B506-85197EDF8152}"
EndProject
Project("{FAE04EC0-301F-11D3-BF4B-00C04F79EFBC}") = "CSharp.Domain", "CSharp.Domain\CSharp.Domain.csproj", "{B1AEFEB4-E028-41DC-915E-01AD7B98A8EB}"
EndProject
Global
	GlobalSection(SolutionConfigurationPlatforms) = preSolution
		Debug|Any CPU = Debug|Any CPU
		Release|Any CPU = Release|Any CPU
	EndGlobalSection
	GlobalSection(ProjectConfigurationPlatforms) = postSolution
		{F9E94879-FABE-44F7-A865-1C65F2F86FDC}.Debug|Any CPU.ActiveCfg = Debug|Any CPU
		{F9E94879-FABE-44F7-A865-1C65F2F86FDC}.Debug|Any CPU.Build.0 = Debug|Any CPU
		{F9E94879-FABE-44F7-A865-1C65F2F86FDC}.Release|Any CPU.ActiveCfg = Release|Any CPU
		{F9E94879-FABE-44F7-A865-1C65F2F86FDC}.Release|Any CPU.Build.0 = Release|Any CPU
		{FDC32ED4-B57A-47BF-BE3D-9E87671539F0}.Debug|Any CPU.ActiveCfg = Debug|Any CPU
		{FDC32ED4-B57A-47BF-BE3D-9E87671539F0}.Debug|Any CPU.Build.0 = Debug|Any CPU
		{FDC32ED4-B57A-47BF-BE3D-9E87671539F0}.Release|Any CPU.ActiveCfg = Release|Any CPU
		{FDC32ED4-B57A-47BF-BE3D-9E87671539F0}.Release|Any CPU.Build.0 = Release|Any CPU
		{C9C1CAD7-A6E4-4B97-BADB-C4815C79E24F}.Debug|Any CPU.ActiveCfg = Debug|Any CPU
		{C9C1CAD7-A6E4-4B97-BADB-C4815C79E24F}.Debug|Any CPU.Build.0 = Debug|Any CPU
		{C9C1CAD7-A6E4-4B97-BADB-C4815C79E24F}.Release|Any CPU.ActiveCfg = Release|Any CPU
		{C9C1CAD7-A6E4-4B97-BADB-C4815C79E24F}.Release|Any CPU.Build.0 = Release|Any CPU
		{A6DAA579-A2AC-4660-B506-85197EDF8152}.Debug|Any CPU.ActiveCfg = Debug|Any CPU
		{A6DAA579-A2AC-4660-B506-85197EDF8152}.Debug|Any CPU.Build.0 = Debug|Any CPU
		{A6DAA579-A2AC-4660-B506-85197EDF8152}.Release|Any CPU.ActiveCfg = Release|Any CPU
		{A6DAA579-A2AC-4660-B506-85197EDF8152}.Release|Any CPU.Build.0 = Release|Any CPU
		{B1AEFEB4-E028-41DC-915E-01AD7B98A8EB}.Debug|Any CPU.ActiveCfg = Debug|Any CPU
		{B1AEFEB4-E028-41DC-915E-01AD7B98A8EB}.Debug|Any CPU.Build.0 = Debug|Any CPU
		{B1AEFEB4-E028-41DC-915E-01AD7B98A8EB}.Release|Any CPU.ActiveCfg = Release|Any CPU
		{B1AEFEB4-E028-41DC-915E-01AD7B98A8EB}.Release|Any CPU.Build.0 = Release|Any CPU
	EndGlobalSection
	GlobalSection(SolutionProperties) = preSolution
		HideSolutionNode = FALSE
	EndGlobalSection
	GlobalSection(ExtensibilityGlobals) = postSolution
		SolutionGuid = {983E992D-0A55-46C1-887B-1FF7C88C78B0}
	EndGlobalSection
EndGlobal
